
Microsoft Visual Studio Solution File, Format Version 12.00
# Visual Studio 2012
Project("{FAE04EC0-301F-11D3-BF4B-00C04F79EFBC}") = "SBO", "SBO\SBO.csproj", "{68925B78-5A6C-4327-91A4-AB19F14722AC}"
EndProject
Project("{FAE04EC0-301F-11D3-BF4B-00C04F79EFBC}") = "BLL", "BLL\BLL.csproj", "{ACA04BF4-7814-45A5-8347-6F77881C241F}"
EndProject
Project("{FAE04EC0-301F-11D3-BF4B-00C04F79EFBC}") = "DAL", "DAL\DAL.csproj", "{9CCCE881-E055-469B-A933-BB2DB9A133D8}"
EndProject
Global
	GlobalSection(SolutionConfigurationPlatforms) = preSolution
		Debug|Any CPU = Debug|Any CPU
		Release|Any CPU = Release|Any CPU
	EndGlobalSection
	GlobalSection(ProjectConfigurationPlatforms) = postSolution
		{68925B78-5A6C-4327-91A4-AB19F14722AC}.Debug|Any CPU.ActiveCfg = Debug|Any CPU
		{68925B78-5A6C-4327-91A4-AB19F14722AC}.Debug|Any CPU.Build.0 = Debug|Any CPU
		{68925B78-5A6C-4327-91A4-AB19F14722AC}.Release|Any CPU.ActiveCfg = Release|Any CPU
		{68925B78-5A6C-4327-91A4-AB19F14722AC}.Release|Any CPU.Build.0 = Release|Any CPU
		{ACA04BF4-7814-45A5-8347-6F77881C241F}.Debug|Any CPU.ActiveCfg = Debug|Any CPU
		{ACA04BF4-7814-45A5-8347-6F77881C241F}.Debug|Any CPU.Build.0 = Debug|Any CPU
		{ACA04BF4-7814-45A5-8347-6F77881C241F}.Release|Any CPU.ActiveCfg = Release|Any CPU
		{ACA04BF4-7814-45A5-8347-6F77881C241F}.Release|Any CPU.Build.0 = Release|Any CPU
		{9CCCE881-E055-469B-A933-BB2DB9A133D8}.Debug|Any CPU.ActiveCfg = Debug|Any CPU
		{9CCCE881-E055-469B-A933-BB2DB9A133D8}.Debug|Any CPU.Build.0 = Debug|Any CPU
		{9CCCE881-E055-469B-A933-BB2DB9A133D8}.Release|Any CPU.ActiveCfg = Release|Any CPU
		{9CCCE881-E055-469B-A933-BB2DB9A133D8}.Release|Any CPU.Build.0 = Release|Any CPU
	EndGlobalSection
	GlobalSection(SolutionProperties) = preSolution
		HideSolutionNode = FALSE
	EndGlobalSection
EndGlobal
